lockfileVersion: '9.0'

settings:
  autoInstallPeers: true
  excludeLinksFromLockfile: false

importers:

  .:
    dependencies:
      '@mapbox/vector-tile':
        specifier: ^2.0.3
        version: 2.0.3
      geojson-vt:
        specifier: ^4.0.2
        version: 4.0.2
      geotiff:
        specifier: ^2.1.3
        version: 2.1.3
      geotiff-tile:
        specifier: ^0.21.0
        version: 0.21.0
      mvt-basic-render:
        specifier: ^0.3.5
        version: 0.3.5
      pbf:
        specifier: ^4.0.1
        version: 4.0.1
      three:
        specifier: ^0.165.0
        version: 0.165.0
      three-tile:
        specifier: ../lib
        version: link:../lib

packages:

  '@mapbox/point-geometry@1.1.0':
    resolution: {integrity: sha512-YGcBz1cg4ATXDCM/71L9xveh4dynfGmcLDqufR+nQQy3fKwsAZsWd/x4621/6uJaeB9mwOHE6hPeDgXz9uViUQ==}

  '@mapbox/vector-tile@2.0.3':
    resolution: {integrity: sha512-Fq8PzBAaBeG3sEZA7Bomlv+8ZJcS5KCD6MRlCqiFrroOLnwZFFSJVydk1J9sneScJq9q4yyGfxKa+i7x2TLG8A==}

  '@petamoriken/float16@3.9.2':
    resolution: {integrity: sha512-VgffxawQde93xKxT3qap3OH+meZf7VaSB5Sqd4Rqc+FP5alWbpOyan/7tRbOAvynjpG3GpdtAuGU/NdhQpmrog==}

  '@types/geojson@7946.0.16':
    resolution: {integrity: sha512-6C8nqWur3j98U6+lXDfTUWIfgvZU+EumvpHKcYjujKH7woYyLj2sUmff0tRhrqM7BohUw7Pz3ZB1jj2gW9Fvmg==}

  b64ab@0.0.1:
    resolution: {integrity: sha512-ZJsfScQB2vf7nKx/FQ8FyHQb8huQQcJ3lljak04DVReEMoGSg4zXyRLCsFEKcRKc6HGIgJ3tHsJiE4tcm7/HJA==}

  bbox-fns@0.20.2:
    resolution: {integrity: sha512-6DyKO3B6suAEducHcELF1cqdmlYj57zMTJim0X4RunclXOXE3wuTB8efm+I9dt2kXl+zPhFxAYSrRU6AUkHlwA==}

  calc-image-stats@0.9.0:
    resolution: {integrity: sha512-gmcoP0Y22MBuh6XGKt0F5ynaZICCgmo6ktQUugaJB1Ep5sqvbVbPbyTVPkqwiPqnFqyEGIMNXTMgObN7li21TQ==}

  calc-stats@2.6.0:
    resolution: {integrity: sha512-EbpayI2/K1ZaCGnhlWdCR6hBlQjz2+bvhQaHaUannLW8AjU3wZ+U3e+4/SiVfcuj0iNG1eA89dtG4G+86zHRPw==}

  dufour-peyton-intersection@0.2.2:
    resolution: {integrity: sha512-nxQ0DwbEZZyL8L9e3eKRRc0dlbwJkev2d+Y8Leu/AjG8xR+iBMlltnj9AVR+ctk/Gkhby/SewFbSdaTyKTLVfA==}

  fast-max@0.5.1:
    resolution: {integrity: sha512-9RusfxxFrKGwRNCKmaj0zv+qsrTTsHom8GQOoRh5jdt5HiFv3SoaFVs+8FppwpDHxSoYVCNHiPTqpvLUklmDEw==}

  fast-min@0.4.0:
    resolution: {integrity: sha512-lR1tlOSwnHFPKPggznqEcZeTreqPyosCFVjkDJvW6fHKc3+evpUam7ux3OS8iA15qOXF9vxxfD/a+xWtQyQDvg==}

  geoaffine@0.2.0:
    resolution: {integrity: sha512-ChRfgMRutkJrxeI3dNbYVlTUmYAkmK7c2NTwb0sqGAqsC9aqAZEh+CbJ1p7Ktdz4lIexIrCUG5qKRXit8qzRhw==}

  geojson-vt@4.0.2:
    resolution: {integrity: sha512-AV9ROqlNqoZEIJGfm1ncNjEXfkz2hdFlZf0qkVfmkwdKa8vj7H16YUOT81rJw1rdFhyEDlN2Tds91p/glzbl5A==}

  geotiff-epsg-code@0.3.1:
    resolution: {integrity: sha512-VzzFNfeCG5eTtc14J24Anr8lPFmn3bSYED/JL5JEEZbioYkDrTf6f1eHSkJ6w6dboXygXCe2Zq3314FmYuEYyg==}

  geotiff-geotransform@0.0.1:
    resolution: {integrity: sha512-qLoIwcGIHvUOD25hN3T5FSVnceJlqu4nZhIqJPReJvaaF3VgMBTNtLa8mk218nG0vX8rkwrlyAfaaees7OLqEA==}

  geotiff-no-data@0.2.0:
    resolution: {integrity: sha512-7rwXAgd0+eFsVIhHAqNcogiHs0rFv8/aPIhifym4Cqo+3UZTGyPKbs4cj/GUVyU4PqyJHQGAtrxN392aR8WWEA==}

  geotiff-precise-no-data@0.0.1:
    resolution: {integrity: sha512-NarPlLXMU8ZpXVjujmp7SWqfed6tlseWt0LWZDG4OTPAL2YaTRtJI8FO2dRMSNSZ17foKc2pJX86Qrj7qns/tg==}

  geotiff-read-bbox@2.5.0:
    resolution: {integrity: sha512-5/mnH7TwxBQ6dBDQrIpAzzXDHG5fWw3kPLcOyFSLLf6JHZL/BL6eZUCDuggQ5UxtH46u94l47HVKxZqhrUcXcA==}

  geotiff-tile@0.21.0:
    resolution: {integrity: sha512-aa/QxrESz1Fe1a7rHATrYA38CZm68DWSkfWIjcY0OanpHgrZcL5eqh6zgF4j+lxz1uAGYhxgaNi+gQiPXh0kaQ==}

  geotiff@2.1.3:
    resolution: {integrity: sha512-PT6uoF5a1+kbC3tHmZSUsLHBp2QJlHasxxxxPW47QIY1VBKpFB+FcDvX+MxER6UzgLQZ0xDzJ9s48B9JbOCTqA==}
    engines: {node: '>=10.19'}

  geowarp@1.26.2:
    resolution: {integrity: sha512-sScimM/8atsmdAS9RYFpNh5JtolGrlzxTYlEf+xy34OsTmw1D++c+UJuzegioqMIc0HXLJu2oLb9LPHMYf1Yrw==}

  get-depth@0.0.3:
    resolution: {integrity: sha512-A0yWzxfqobOgDC/hGNwUYKfNlV8+WnU0EoHazVaXvLyp/I8e8f/Fx/HFS0r2i0RJ5mXj3YmyM8KSN4trtAdHvA==}

  get-epsg-code@1.2.0:
    resolution: {integrity: sha512-H97flgddOm1i7y8mXIU26WOLRuC9aihgFHXpll/Jbpl3B4IU9YO4AvPi/EwP6xQ8YrEUO1Ny++amxNTqNv9J1Q==}

  guess-image-layout@0.1.0:
    resolution: {integrity: sha512-sYrs2uYb2dqdxQcjFlfNWQhPX7M4lx7BYqMg7SFvJ/gGl1QIk0NPQqFkY0mV2VgdOGERSS15/6M4cpjuTtPhLw==}

  is-wkt@0.2.0:
    resolution: {integrity: sha512-qq2UXJbGWS/4zZh5gPqWvTYoRkrX4d5/Z2GgCG3N44BKccELAemP0CNpEQjvDGNdLqLceul45LGW5PxSc9GqSQ==}

  iter-fun@0.2.0:
    resolution: {integrity: sha512-8dYv+ptyps7LtrfqAYY8qqThAiX2eIDBGKc/kXdSrEMRJQoD8KhTOa+duECGghjsnkHEf9O8X6IS62jO+6xwhw==}

  lerc@3.0.0:
    resolution: {integrity: sha512-Rm4J/WaHhRa93nCN2mwWDZFoRVF18G1f47C+kvQWyHGEZxFpTUi73p7lMVSAndyxGt6lJ2/CFbOcf9ra5p8aww==}

  mediana@1.0.3:
    resolution: {integrity: sha512-VUmGLNile2IjOOnuxDAL0KawfXZy9QqiRT591JiHli0NrN1A0pQkb/cxIOul1wKcT4KjhatGdmUgSPKVx6kJhg==}

  mediana@2.0.0:
    resolution: {integrity: sha512-NgcFSawQtMMoNA995XGeI6axP/bYHzySc0LesvtpvFhpNjr409KevqN9sJPBDOYO7NUT34UXzvffpjwbRBk0gQ==}

  mgrs@1.0.0:
    resolution: {integrity: sha512-awNbTOqCxK1DBGjalK3xqWIstBZgN6fxsMSiXLs9/spqWkF2pAhb2rrYCFSsr1/tT7PhcDGjZndG8SWYn0byYA==}

  mvt-basic-render@0.3.5:
    resolution: {integrity: sha512-5krXhDMl2MpJgTMhaEwVtomjVGk89HneYIQemqCkx1dCpi4F2VU+Z2T0JAmcBvryMWLf+2mOHaNvcl7qlTuBSQ==}
    engines: {node: '>=12.21.0'}
    hasBin: true

  pako@2.1.0:
    resolution: {integrity: sha512-w+eufiZ1WuJYgPXbV/PO3NCMEc3xqylkKHzp8bxp1uW4qaSNQUkwmLLEc3kKsfz8lpV1F8Ht3U1Cm+9Srog2ug==}

  parse-headers@2.0.6:
    resolution: {integrity: sha512-Tz11t3uKztEW5FEVZnj1ox8GKblWn+PvHY9TmJV5Mll2uHEwRdR/5Li1OlXoECjLYkApdhWy44ocONwXLiKO5A==}

  pbf@4.0.1:
    resolution: {integrity: sha512-SuLdBvS42z33m8ejRbInMapQe8n0D3vN/Xd5fmWM3tufNgRQFBpaW2YVJxQZV4iPNqb0vEFvssMEo5w9c6BTIA==}
    hasBin: true

  pixel-utils@0.9.0:
    resolution: {integrity: sha512-ol8LTOyV611MexOdNq5zh9OMgI8d4626vRcqdedx4yxoZe75esX++Du2/0NYDZYJywckJHIA36qC+IjEdaM2gQ==}

  preciso@0.11.1:
    resolution: {integrity: sha512-boMUe7GrqdBGejKjWf/7BvM8q4aMg0tbE1lM3CxKkvfBaE4qAtfxOCA9cB8V/3HEQ/JhEnGWc5ezSdQQOwaXiA==}

  preciso@0.12.2:
    resolution: {integrity: sha512-or/2I6/6VDMwJjJdFdyzVc/L1JT29DrlfA096iXBQWryL+ytEAfDgChI/tTnDXb58l5E/kIEa4Omg6AHFLmywA==}

  preciso@0.5.0:
    resolution: {integrity: sha512-t/DKHG7hVuhGYYQHOykZrhXdDhDuHsGtkzJgYofdTmxI6AgU60+wTwmT7nv+qFkpGnXr0KugZ1V3+2hTmhNkcg==}

  proj-turbo@0.0.1:
    resolution: {integrity: sha512-k6HSDEln2j7rkL8rMAbp2cfQcuNWT5ts0LRI8mTYVASJXtvcxMs60ildig4N1o5ReappYzHfi9GSN0/6P5yRQw==}

  proj4-collect@0.0.2:
    resolution: {integrity: sha512-0On03PV3PmQE3e8TAS6Mx0TeP4D3YA2s+y7leQw94H5HGmbOb3jDwFVnAQOh7zl8FJKKRkVQwoueOAHoKmnP1g==}

  proj4-fully-loaded@0.2.0:
    resolution: {integrity: sha512-9rlkLe9+l8iFpviYiQjdHbw9d3iOmUAF1UlbaVkofvbI26/0/EOWtYku9ln+dJuAovrqHyoJ984G5/edQxvHng==}

  proj4-merge@0.1.1:
    resolution: {integrity: sha512-Ac9W5jgOAqPRspA9fMuRuLs0weDuOCHK7nnd6yOAySzLaxrmq1ZxbCTKVt6pIEOPB3RpgcupBOU3KXmQM0m8rg==}

  proj4@2.15.0:
    resolution: {integrity: sha512-LqCNEcPdI03BrCHxPLj29vsd5afsm+0sV1H/O3nTDKrv8/LA01ea1z4QADDMjUqxSXWnrmmQDjqFm1J/uZ5RLw==}

  proj4js-definitions@0.1.0:
    resolution: {integrity: sha512-qmyhkWihIa3E3ZiFsNxvap6oS5+zEH85felbe/YVFuCr1E2j5yUrNQUOU9UEbvKkRJW9kk0MhENtbW3+9Nnr3g==}

  protocol-buffers-schema@3.6.0:
    resolution: {integrity: sha512-TdDRD+/QNdrCGCE7v8340QyuXd4kIWIgapsE2+n/SaGiSSbomYl4TjHlvIoCWRpE7wFt02EpB35VVA2ImcBVqw==}

  quick-lru@6.1.2:
    resolution: {integrity: sha512-AAFUA5O1d83pIHEhJwWCq/RQcRukCkn/NSm2QsTEMle5f2hP0ChI2+3Xb051PZCkLryI/Ir1MVKviT2FIloaTQ==}
    engines: {node: '>=12'}

  quick-resolve@0.0.1:
    resolution: {integrity: sha512-rYcEOLRDlK+EgiiJzGAid9ybKCFZAh+HgVX8ZztlTEpvdGHVS4PSA4zyzjaL5pC2kx+R/E2fScCirdRNQvLwFA==}

  quick-scale@0.2.0:
    resolution: {integrity: sha512-w+uGmP/faGjA4ryW5NkSa+R5wcZ9TnHrHtrraGlfq3rVdgpvJ8fzKIIFpgQqcXjv3DxS8al3xWuqBQ4EJaq/eA==}

  reproject-bbox@0.13.1:
    resolution: {integrity: sha512-1DT2QQGxsnUCDU/ndbwbbd/7EoKJejmEDZIJyOWPaYbKZP8dbu65npf1ogOGU54VDL4+u1pboYFQarA5NT+OTQ==}

  reproject-geojson@0.5.0:
    resolution: {integrity: sha512-xEP90OAGHbemceH9cMSc0Wuhzg4/EetEbjk9v+5KY+VRdLoR7ZIg7y+SFc/0ztcrdb37SBnqfBDxVd5TQDY95Q==}

  reproject-line@0.0.1:
    resolution: {integrity: sha512-1Fyq4wN2zA4k77Wh1A6QM71ijVUbe88RW94Cj/guU+Q0e4LhSuYvJXlHBeUbBjzgEWfuDEx86AP1E2jYPVqS6g==}

  resolve-protobuf-schema@2.1.0:
    resolution: {integrity: sha512-kI5ffTiZWmJaS/huM8wZfEMer1eRd7oJQhDuxeCLe3t7N7mX3z94CN0xPxBQxFYQTSNz9T0i+v6inKqSdK8xrQ==}

  segflip@0.0.2:
    resolution: {integrity: sha512-bIrjGbz/jI8FHDDoF7m5m+bATTSpZNNkjgr17+We8B9WFIUfm/eEj1kH15RVarGk3G/yYwHgHwziT2GZ6xFmoA==}

  three@0.165.0:
    resolution: {integrity: sha512-cc96IlVYGydeceu0e5xq70H8/yoVT/tXBxV/W8A/U6uOq7DXc4/s1Mkmnu6SqoYGhSRWWYFOhVwvq6V0VtbplA==}

  type-fest@3.13.1:
    resolution: {integrity: sha512-tLq3bSNx+xSpwvAJnzrK0Ep5CLNWjvFTOp71URMaAEWBfRb9nnJiBoUe0tF8bI4ZFO3omgBR6NvnbzVUT3Ly4g==}
    engines: {node: '>=14.16'}

  typed-array-ranges@0.0.0:
    resolution: {integrity: sha512-f8IjaA5ELCg0QWdUzep2Ru8CjBHmlDurAwu2L5mOiRdv0KZnpiPnWbZX3fvRHk/AKuglwXV/F7O/tIK3nzLmHQ==}

  utm-utils@0.6.1:
    resolution: {integrity: sha512-OqSVTkvVFfQaxX8WraDhP6PGECbz8YTDrYAeo74TMmZnzfGkE0wA797/5nFGuCzFVR9e6fnrO42gbqySS4kAxw==}

  web-worker@1.5.0:
    resolution: {integrity: sha512-RiMReJrTAiA+mBjGONMnjVDP2u3p9R1vkcGz6gDIrOMT3oGuYwX2WRMYI9ipkphSuE5XKEhydbhNEJh4NY9mlw==}

  wkt-crs@0.2.0:
    resolution: {integrity: sha512-rYheR2V2lyPmTrtxuo9nyFBlTuB4VJ1tlrTpUX88GZleRqLLUazVWihwv7BjGqpmoMd91IaLbG8mURqids9H9w==}

  wkt-parser@1.4.0:
    resolution: {integrity: sha512-qpwO7Ihds/YYDTi1aADFTI1Sm9YC/tTe3SHD24EeIlZxy7Ik6a1b4HOz7jAi0xdUAw487duqpo8OGu+Tf4nwlQ==}

  xdim@1.10.1:
    resolution: {integrity: sha512-s2mZzb+tPRHt3FEcNaEDQqVXBNaPwhoemJNUujFyRYuuJjK3rHVZ/oeSJTNBpaVFTDgdia64acY0SN9unocqwA==}

  xml-utils@1.10.2:
    resolution: {integrity: sha512-RqM+2o1RYs6T8+3DzDSoTRAUfrvaejbVHcp3+thnAtDKo8LskR+HomLajEy5UjTz24rpka7AxVBRR3g2wTUkJA==}

  zstddec@0.1.0:
    resolution: {integrity: sha512-w2NTI8+3l3eeltKAdK8QpiLo/flRAr2p8AGeakfMZOXBxOg9HIu4LVDxBi81sYgVhFhdJjv1OrB5ssI8uFPoLg==}

snapshots:

  '@mapbox/point-geometry@1.1.0': {}

  '@mapbox/vector-tile@2.0.3':
    dependencies:
      '@mapbox/point-geometry': 1.1.0
      '@types/geojson': 7946.0.16
      pbf: 4.0.1

  '@petamoriken/float16@3.9.2': {}

  '@types/geojson@7946.0.16': {}

  b64ab@0.0.1: {}

  bbox-fns@0.20.2:
    dependencies:
      preciso: 0.12.2

  calc-image-stats@0.9.0:
    dependencies:
      calc-stats: 2.6.0
      guess-image-layout: 0.1.0
      xdim: 1.10.1

  calc-stats@2.6.0:
    dependencies:
      iter-fun: 0.2.0
      mediana: 1.0.3
      preciso: 0.12.2
      quick-resolve: 0.0.1

  dufour-peyton-intersection@0.2.2:
    dependencies:
      get-depth: 0.0.3

  fast-max@0.5.1:
    dependencies:
      typed-array-ranges: 0.0.0

  fast-min@0.4.0:
    dependencies:
      typed-array-ranges: 0.0.0

  geoaffine@0.2.0:
    dependencies:
      preciso: 0.11.1

  geojson-vt@4.0.2: {}

  geotiff-epsg-code@0.3.1:
    dependencies:
      get-epsg-code: 1.2.0

  geotiff-geotransform@0.0.1: {}

  geotiff-no-data@0.2.0:
    dependencies:
      geotiff-precise-no-data: 0.0.1

  geotiff-precise-no-data@0.0.1: {}

  geotiff-read-bbox@2.5.0:
    dependencies:
      bbox-fns: 0.20.2
      geoaffine: 0.2.0
      geotiff-epsg-code: 0.3.1
      geotiff-geotransform: 0.0.1
      proj4-collect: 0.0.2
      proj4-fully-loaded: 0.2.0
      proj4-merge: 0.1.1

  geotiff-tile@0.21.0:
    dependencies:
      geotiff-epsg-code: 0.3.1
      geotiff-no-data: 0.2.0
      geotiff-read-bbox: 2.5.0
      geowarp: 1.26.2
      pixel-utils: 0.9.0
      proj4: 2.15.0
      proj4-fully-loaded: 0.2.0
      reproject-bbox: 0.13.1

  geotiff@2.1.3:
    dependencies:
      '@petamoriken/float16': 3.9.2
      lerc: 3.0.0
      pako: 2.1.0
      parse-headers: 2.0.6
      quick-lru: 6.1.2
      web-worker: 1.5.0
      xml-utils: 1.10.2
      zstddec: 0.1.0

  geowarp@1.26.2:
    dependencies:
      bbox-fns: 0.20.2
      calc-image-stats: 0.9.0
      dufour-peyton-intersection: 0.2.2
      fast-max: 0.5.1
      fast-min: 0.4.0
      geoaffine: 0.2.0
      get-depth: 0.0.3
      mediana: 2.0.0
      proj-turbo: 0.0.1
      quick-resolve: 0.0.1
      reproject-bbox: 0.13.1
      reproject-geojson: 0.5.0
      segflip: 0.0.2
      typed-array-ranges: 0.0.0
      xdim: 1.10.1

  get-depth@0.0.3: {}

  get-epsg-code@1.2.0:
    dependencies:
      b64ab: 0.0.1
      is-wkt: 0.2.0
      utm-utils: 0.6.1
      wkt-crs: 0.2.0
      wkt-parser: 1.4.0
      xml-utils: 1.10.2

  guess-image-layout@0.1.0:
    dependencies:
      get-depth: 0.0.3

  is-wkt@0.2.0: {}

  iter-fun@0.2.0: {}

  lerc@3.0.0: {}

  mediana@1.0.3:
    dependencies:
      preciso: 0.5.0

  mediana@2.0.0:
    dependencies:
      preciso: 0.12.2

  mgrs@1.0.0: {}

  mvt-basic-render@0.3.5: {}

  pako@2.1.0: {}

  parse-headers@2.0.6: {}

  pbf@4.0.1:
    dependencies:
      resolve-protobuf-schema: 2.1.0

  pixel-utils@0.9.0:
    dependencies:
      quick-scale: 0.2.0
      type-fest: 3.13.1
      xdim: 1.10.1

  preciso@0.11.1: {}

  preciso@0.12.2: {}

  preciso@0.5.0: {}

  proj-turbo@0.0.1: {}

  proj4-collect@0.0.2:
    dependencies:
      proj4: 2.15.0
      proj4-fully-loaded: 0.2.0
      proj4-merge: 0.1.1

  proj4-fully-loaded@0.2.0:
    dependencies:
      proj4: 2.15.0
      proj4js-definitions: 0.1.0

  proj4-merge@0.1.1: {}

  proj4@2.15.0:
    dependencies:
      mgrs: 1.0.0
      wkt-parser: 1.4.0

  proj4js-definitions@0.1.0: {}

  protocol-buffers-schema@3.6.0: {}

  quick-lru@6.1.2: {}

  quick-resolve@0.0.1: {}

  quick-scale@0.2.0: {}

  reproject-bbox@0.13.1:
    dependencies:
      bbox-fns: 0.20.2
      proj4-fully-loaded: 0.2.0
      proj4-merge: 0.1.1

  reproject-geojson@0.5.0:
    dependencies:
      get-depth: 0.0.3
      proj4-fully-loaded: 0.2.0
      reproject-line: 0.0.1

  reproject-line@0.0.1: {}

  resolve-protobuf-schema@2.1.0:
    dependencies:
      protocol-buffers-schema: 3.6.0

  segflip@0.0.2: {}

  three@0.165.0: {}

  type-fest@3.13.1: {}

  typed-array-ranges@0.0.0: {}

  utm-utils@0.6.1: {}

  web-worker@1.5.0: {}

  wkt-crs@0.2.0: {}

  wkt-parser@1.4.0: {}

  xdim@1.10.1:
    dependencies:
      iter-fun: 0.2.0
      type-fest: 3.13.1

  xml-utils@1.10.2: {}

  zstddec@0.1.0: {}
