lockfileVersion: '9.0'

settings:
  autoInstallPeers: true
  excludeLinksFromLockfile: false

importers:

  .:
    dependencies:
      '@mapbox/vector-tile':
        specifier: ^2.0.3
        version: 2.0.3
      geojson-vt:
        specifier: ^4.0.2
        version: 4.0.2
      pbf:
        specifier: ^4.0.1
        version: 4.0.1
      three-tile:
        specifier: ../lib
        version: link:../lib
    devDependencies:
      '@types/geojson-vt':
        specifier: ^3.2.5
        version: 3.2.5

packages:

  '@mapbox/point-geometry@1.1.0':
    resolution: {integrity: sha512-YGcBz1cg4ATXDCM/71L9xveh4dynfGmcLDqufR+nQQy3fKwsAZsWd/x4621/6uJaeB9mwOHE6hPeDgXz9uViUQ==}

  '@mapbox/vector-tile@2.0.3':
    resolution: {integrity: sha512-Fq8PzBAaBeG3sEZA7Bomlv+8ZJcS5KCD6MRlCqiFrroOLnwZFFSJVydk1J9sneScJq9q4yyGfxKa+i7x2TLG8A==}

  '@types/geojson-vt@3.2.5':
    resolution: {integrity: sha512-qDO7wqtprzlpe8FfQ//ClPV9xiuoh2nkIgiouIptON9w5jvD/fA4szvP9GBlDVdJ5dldAl0kX/sy3URbWwLx0g==}

  '@types/geojson@7946.0.16':
    resolution: {integrity: sha512-6C8nqWur3j98U6+lXDfTUWIfgvZU+EumvpHKcYjujKH7woYyLj2sUmff0tRhrqM7BohUw7Pz3ZB1jj2gW9Fvmg==}

  geojson-vt@4.0.2:
    resolution: {integrity: sha512-AV9ROqlNqoZEIJGfm1ncNjEXfkz2hdFlZf0qkVfmkwdKa8vj7H16YUOT81rJw1rdFhyEDlN2Tds91p/glzbl5A==}

  pbf@4.0.1:
    resolution: {integrity: sha512-SuLdBvS42z33m8ejRbInMapQe8n0D3vN/Xd5fmWM3tufNgRQFBpaW2YVJxQZV4iPNqb0vEFvssMEo5w9c6BTIA==}
    hasBin: true

  protocol-buffers-schema@3.6.0:
    resolution: {integrity: sha512-TdDRD+/QNdrCGCE7v8340QyuXd4kIWIgapsE2+n/SaGiSSbomYl4TjHlvIoCWRpE7wFt02EpB35VVA2ImcBVqw==}

  resolve-protobuf-schema@2.1.0:
    resolution: {integrity: sha512-kI5ffTiZWmJaS/huM8wZfEMer1eRd7oJQhDuxeCLe3t7N7mX3z94CN0xPxBQxFYQTSNz9T0i+v6inKqSdK8xrQ==}

snapshots:

  '@mapbox/point-geometry@1.1.0': {}

  '@mapbox/vector-tile@2.0.3':
    dependencies:
      '@mapbox/point-geometry': 1.1.0
      '@types/geojson': 7946.0.16
      pbf: 4.0.1

  '@types/geojson-vt@3.2.5':
    dependencies:
      '@types/geojson': 7946.0.16

  '@types/geojson@7946.0.16': {}

  geojson-vt@4.0.2: {}

  pbf@4.0.1:
    dependencies:
      resolve-protobuf-schema: 2.1.0

  protocol-buffers-schema@3.6.0: {}

  resolve-protobuf-schema@2.1.0:
    dependencies:
      protocol-buffers-schema: 3.6.0
